
Microsoft Visual Studio Solution File, Format Version 12.00
# Visual Studio Version 17
VisualStudioVersion = 17.10.35013.160
MinimumVisualStudioVersion = 10.0.40219.1
Project("{FAE04EC0-301F-11D3-BF4B-00C04F79EFBC}") = "Application", "Application\Application.csproj", "{8BD78458-4C39-4DF5-AAAC-786AB55699BF}"
EndProject
Project("{FAE04EC0-301F-11D3-BF4B-00C04F79EFBC}") = "Domain", "Domain\Domain.csproj", "{13011D00-FF72-44CC-BE08-2601243A4BB3}"
EndProject
Project("{FAE04EC0-301F-11D3-BF4B-00C04F79EFBC}") = "Infrastructure", "Infrastructure\Infrastructure.csproj", "{227CEBF9-1DFB-4E18-A700-C33FBF7180EF}"
EndProject
Project("{FAE04EC0-301F-11D3-BF4B-00C04F79EFBC}") = "API", "API\API.csproj", "{5DC6A209-9AEA-4A38-BBF9-6A2C52FCCB54}"
EndProject
Project("{FAE04EC0-301F-11D3-BF4B-00C04F79EFBC}") = "IntegrationEvent", "IntegrationEvent\IntegrationEvent.csproj", "{CD7826E6-59CE-43AC-A7C2-97BDD9A97418}"
EndProject
Global
	GlobalSection(SolutionConfigurationPlatforms) = preSolution
		Debug|Any CPU = Debug|Any CPU
		Release|Any CPU = Release|Any CPU
	EndGlobalSection
	GlobalSection(ProjectConfigurationPlatforms) = postSolution
		{8BD78458-4C39-4DF5-AAAC-786AB55699BF}.Debug|Any CPU.ActiveCfg = Debug|Any CPU
		{8BD78458-4C39-4DF5-AAAC-786AB55699BF}.Debug|Any CPU.Build.0 = Debug|Any CPU
		{8BD78458-4C39-4DF5-AAAC-786AB55699BF}.Release|Any CPU.ActiveCfg = Release|Any CPU
		{8BD78458-4C39-4DF5-AAAC-786AB55699BF}.Release|Any CPU.Build.0 = Release|Any CPU
		{13011D00-FF72-44CC-BE08-2601243A4BB3}.Debug|Any CPU.ActiveCfg = Debug|Any CPU
		{13011D00-FF72-44CC-BE08-2601243A4BB3}.Debug|Any CPU.Build.0 = Debug|Any CPU
		{13011D00-FF72-44CC-BE08-2601243A4BB3}.Release|Any CPU.ActiveCfg = Release|Any CPU
		{13011D00-FF72-44CC-BE08-2601243A4BB3}.Release|Any CPU.Build.0 = Release|Any CPU
		{227CEBF9-1DFB-4E18-A700-C33FBF7180EF}.Debug|Any CPU.ActiveCfg = Debug|Any CPU
		{227CEBF9-1DFB-4E18-A700-C33FBF7180EF}.Debug|Any CPU.Build.0 = Debug|Any CPU
		{227CEBF9-1DFB-4E18-A700-C33FBF7180EF}.Release|Any CPU.ActiveCfg = Release|Any CPU
		{227CEBF9-1DFB-4E18-A700-C33FBF7180EF}.Release|Any CPU.Build.0 = Release|Any CPU
		{5DC6A209-9AEA-4A38-BBF9-6A2C52FCCB54}.Debug|Any CPU.ActiveCfg = Debug|Any CPU
		{5DC6A209-9AEA-4A38-BBF9-6A2C52FCCB54}.Debug|Any CPU.Build.0 = Debug|Any CPU
		{5DC6A209-9AEA-4A38-BBF9-6A2C52FCCB54}.Release|Any CPU.ActiveCfg = Release|Any CPU
		{5DC6A209-9AEA-4A38-BBF9-6A2C52FCCB54}.Release|Any CPU.Build.0 = Release|Any CPU
		{CD7826E6-59CE-43AC-A7C2-97BDD9A97418}.Debug|Any CPU.ActiveCfg = Debug|Any CPU
		{CD7826E6-59CE-43AC-A7C2-97BDD9A97418}.Debug|Any CPU.Build.0 = Debug|Any CPU
		{CD7826E6-59CE-43AC-A7C2-97BDD9A97418}.Release|Any CPU.ActiveCfg = Release|Any CPU
		{CD7826E6-59CE-43AC-A7C2-97BDD9A97418}.Release|Any CPU.Build.0 = Release|Any CPU
	EndGlobalSection
	GlobalSection(SolutionProperties) = preSolution
		HideSolutionNode = FALSE
	EndGlobalSection
	GlobalSection(ExtensibilityGlobals) = postSolution
		SolutionGuid = {D1A9B937-9657-4285-9F55-D2F31017515B}
	EndGlobalSection
EndGlobal
